
Microsoft Visual Studio Solution File, Format Version 12.00
# Visual Studio 14
VisualStudioVersion = 14.0.23107.0
MinimumVisualStudioVersion = 10.0.40219.1
Project("{FAE04EC0-301F-11D3-BF4B-00C04F79EFBC}") = "Server", "Server\Server.csproj", "{1B4035CB-9265-4079-84F5-14DBB6438462}"
EndProject
Project("{FAE04EC0-301F-11D3-BF4B-00C04F79EFBC}") = "Client", "Client\Client.csproj", "{AA7CA882-3D88-436B-9047-5C5EFB5E3084}"
EndProject
Global
	GlobalSection(SolutionConfigurationPlatforms) = preSolution
		Debug|Any CPU = Debug|Any CPU
		Release|Any CPU = Release|Any CPU
	EndGlobalSection
	GlobalSection(ProjectConfigurationPlatforms) = postSolution
		{1B4035CB-9265-4079-84F5-14DBB6438462}.Debug|Any CPU.ActiveCfg = Debug|Any CPU
		{1B4035CB-9265-4079-84F5-14DBB6438462}.Debug|Any CPU.Build.0 = Debug|Any CPU
		{1B4035CB-9265-4079-84F5-14DBB6438462}.Release|Any CPU.ActiveCfg = Release|Any CPU
		{1B4035CB-9265-4079-84F5-14DBB6438462}.Release|Any CPU.Build.0 = Release|Any CPU
		{AA7CA882-3D88-436B-9047-5C5EFB5E3084}.Debug|Any CPU.ActiveCfg = Debug|Any CPU
		{AA7CA882-3D88-436B-9047-5C5EFB5E3084}.Debug|Any CPU.Build.0 = Debug|Any CPU
		{AA7CA882-3D88-436B-9047-5C5EFB5E3084}.Release|Any CPU.ActiveCfg = Release|Any CPU
		{AA7CA882-3D88-436B-9047-5C5EFB5E3084}.Release|Any CPU.Build.0 = Release|Any CPU
	EndGlobalSection
	GlobalSection(SolutionProperties) = preSolution
		HideSolutionNode = FALSE
	EndGlobalSection
EndGlobal
